
Microsoft Visual Studio Solution File, Format Version 12.00
# Visual Studio Version 17
VisualStudioVersion = 17.1.32210.238
MinimumVisualStudioVersion = 10.0.40219.1
Project("{9A19103F-16F7-4668-BE54-9A1E7A4F7556}") = "Movies.API", "Movies.API\Movies.API.csproj", "{07B07F26-3679-48ED-B76C-06A48B2B6F8C}"
EndProject
Project("{FAE04EC0-301F-11D3-BF4B-00C04F79EFBC}") = "IdentityServer", "IdentityServer\IdentityServer.csproj", "{FAB2328E-8FB4-415E-956B-22CB8D10E20A}"
EndProject
Global
	GlobalSection(SolutionConfigurationPlatforms) = preSolution
		Debug|Any CPU = Debug|Any CPU
		Release|Any CPU = Release|Any CPU
	EndGlobalSection
	GlobalSection(ProjectConfigurationPlatforms) = postSolution
		{07B07F26-3679-48ED-B76C-06A48B2B6F8C}.Debug|Any CPU.ActiveCfg = Debug|Any CPU
		{07B07F26-3679-48ED-B76C-06A48B2B6F8C}.Debug|Any CPU.Build.0 = Debug|Any CPU
		{07B07F26-3679-48ED-B76C-06A48B2B6F8C}.Release|Any CPU.ActiveCfg = Release|Any CPU
		{07B07F26-3679-48ED-B76C-06A48B2B6F8C}.Release|Any CPU.Build.0 = Release|Any CPU
		{FAB2328E-8FB4-415E-956B-22CB8D10E20A}.Debug|Any CPU.ActiveCfg = Debug|Any CPU
		{FAB2328E-8FB4-415E-956B-22CB8D10E20A}.Debug|Any CPU.Build.0 = Debug|Any CPU
		{FAB2328E-8FB4-415E-956B-22CB8D10E20A}.Release|Any CPU.ActiveCfg = Release|Any CPU
		{FAB2328E-8FB4-415E-956B-22CB8D10E20A}.Release|Any CPU.Build.0 = Release|Any CPU
	EndGlobalSection
	GlobalSection(SolutionProperties) = preSolution
		HideSolutionNode = FALSE
	EndGlobalSection
	GlobalSection(ExtensibilityGlobals) = postSolution
		SolutionGuid = {E6E834A1-B1C5-4656-A1CC-12C8172AF62D}
	EndGlobalSection
EndGlobal
